
Microsoft Visual Studio Solution File, Format Version 12.00
# Visual Studio 15
Project("{FAE04EC0-301F-11D3-BF4B-00C04F79EFBC}") = "Assembly-CSharp", "Assembly-CSharp.csproj", "{985F768E-8C4A-76D6-6C5F-C99382C97BEE}"
EndProject
Project("{FAE04EC0-301F-11D3-BF4B-00C04F79EFBC}") = "Oculus.VR", "Oculus.VR.csproj", "{3030A0A5-C7C1-13A8-A70D-44687D028A82}"
EndProject
Project("{FAE04EC0-301F-11D3-BF4B-00C04F79EFBC}") = "Assembly-CSharp-Editor", "Assembly-CSharp-Editor.csproj", "{C8C14A46-21A2-6F39-3D53-0FFDD9ED91E8}"
EndProject
Project("{FAE04EC0-301F-11D3-BF4B-00C04F79EFBC}") = "Oculus.VR.Scripts.Editor", "Oculus.VR.Scripts.Editor.csproj", "{5964E5C0-46F6-8132-F923-100784C4D45F}"
EndProject
Project("{FAE04EC0-301F-11D3-BF4B-00C04F79EFBC}") = "Oculus.VR.Editor", "Oculus.VR.Editor.csproj", "{A21D6996-4569-86E3-C2C7-069BCD9D5DF0}"
EndProject
Global
	GlobalSection(SolutionConfigurationPlatforms) = preSolution
		Debug|Any CPU = Debug|Any CPU
		Release|Any CPU = Release|Any CPU
	EndGlobalSection
	GlobalSection(ProjectConfigurationPlatforms) = postSolution
		{985F768E-8C4A-76D6-6C5F-C99382C97BEE}.Debug|Any CPU.ActiveCfg = Debug|Any CPU
		{985F768E-8C4A-76D6-6C5F-C99382C97BEE}.Debug|Any CPU.Build.0 = Debug|Any CPU
		{985F768E-8C4A-76D6-6C5F-C99382C97BEE}.Release|Any CPU.ActiveCfg = Release|Any CPU
		{985F768E-8C4A-76D6-6C5F-C99382C97BEE}.Release|Any CPU.Build.0 = Release|Any CPU
		{3030A0A5-C7C1-13A8-A70D-44687D028A82}.Debug|Any CPU.ActiveCfg = Debug|Any CPU
		{3030A0A5-C7C1-13A8-A70D-44687D028A82}.Debug|Any CPU.Build.0 = Debug|Any CPU
		{3030A0A5-C7C1-13A8-A70D-44687D028A82}.Release|Any CPU.ActiveCfg = Release|Any CPU
		{3030A0A5-C7C1-13A8-A70D-44687D028A82}.Release|Any CPU.Build.0 = Release|Any CPU
		{C8C14A46-21A2-6F39-3D53-0FFDD9ED91E8}.Debug|Any CPU.ActiveCfg = Debug|Any CPU
		{C8C14A46-21A2-6F39-3D53-0FFDD9ED91E8}.Debug|Any CPU.Build.0 = Debug|Any CPU
		{C8C14A46-21A2-6F39-3D53-0FFDD9ED91E8}.Release|Any CPU.ActiveCfg = Release|Any CPU
		{C8C14A46-21A2-6F39-3D53-0FFDD9ED91E8}.Release|Any CPU.Build.0 = Release|Any CPU
		{5964E5C0-46F6-8132-F923-100784C4D45F}.Debug|Any CPU.ActiveCfg = Debug|Any CPU
		{5964E5C0-46F6-8132-F923-100784C4D45F}.Debug|Any CPU.Build.0 = Debug|Any CPU
		{5964E5C0-46F6-8132-F923-100784C4D45F}.Release|Any CPU.ActiveCfg = Release|Any CPU
		{5964E5C0-46F6-8132-F923-100784C4D45F}.Release|Any CPU.Build.0 = Release|Any CPU
		{A21D6996-4569-86E3-C2C7-069BCD9D5DF0}.Debug|Any CPU.ActiveCfg = Debug|Any CPU
		{A21D6996-4569-86E3-C2C7-069BCD9D5DF0}.Debug|Any CPU.Build.0 = Debug|Any CPU
		{A21D6996-4569-86E3-C2C7-069BCD9D5DF0}.Release|Any CPU.ActiveCfg = Release|Any CPU
		{A21D6996-4569-86E3-C2C7-069BCD9D5DF0}.Release|Any CPU.Build.0 = Release|Any CPU
	EndGlobalSection
	GlobalSection(SolutionProperties) = preSolution
		HideSolutionNode = FALSE
	EndGlobalSection
EndGlobal
